<Solution>
  <Folder Name="/Solution Items/">
    <File Path=".gitignore" />
  </Folder>
  <Project Path="barangayskillexchangeplaform.client/barangayskillexchangeplaform.client.esproj">
    <Build />
    <Deploy />
  </Project>
  <Project Path="BarangaySkillExchangePlaform.Server/BarangaySkillExchangePlaform.Server.csproj" />
</Solution>
